
Microsoft Visual Studio Solution File, Format Version 12.00
# Visual Studio 15
VisualStudioVersion = 15.0.28307.1684
MinimumVisualStudioVersion = 10.0.40219.1
Project("{FAE04EC0-301F-11D3-BF4B-00C04F79EFBC}") = "PictureView", "PictureView\PictureView.csproj", "{8E105F6E-A8EC-4F8E-868C-C58A7D09B88A}"
EndProject
Global
	GlobalSection(SolutionConfigurationPlatforms) = preSolution
		Debug|Any CPU = Debug|Any CPU
		Release|Any CPU = Release|Any CPU
	EndGlobalSection
	GlobalSection(ProjectConfigurationPlatforms) = postSolution
		{8E105F6E-A8EC-4F8E-868C-C58A7D09B88A}.Debug|Any CPU.ActiveCfg = Debug|Any CPU
		{8E105F6E-A8EC-4F8E-868C-C58A7D09B88A}.Debug|Any CPU.Build.0 = Debug|Any CPU
		{8E105F6E-A8EC-4F8E-868C-C58A7D09B88A}.Release|Any CPU.ActiveCfg = Release|Any CPU
		{8E105F6E-A8EC-4F8E-868C-C58A7D09B88A}.Release|Any CPU.Build.0 = Release|Any CPU
	EndGlobalSection
	GlobalSection(SolutionProperties) = preSolution
		HideSolutionNode = FALSE
	EndGlobalSection
	GlobalSection(ExtensibilityGlobals) = postSolution
		SolutionGuid = {91A77333-7872-43CF-B4AB-D3418FECF45C}
	EndGlobalSection
EndGlobal
